
Microsoft Visual Studio Solution File, Format Version 12.00
Project("{2150E333-8FDC-42A3-9474-1A3956D46DE8}") = "src", "src", "{9238E1D4-2AEE-431A-ABD8-900518B7D5F3}"
EndProject
Project("{2150E333-8FDC-42A3-9474-1A3956D46DE8}") = "tests", "tests", "{E8615261-6045-4445-842C-0F6EE679F8AE}"
EndProject
Project("{2150E333-8FDC-42A3-9474-1A3956D46DE8}") = "BuildingBlocks", "BuildingBlocks", "{A6120A7A-B72E-446A-ABC3-C41BE78680E7}"
EndProject
Project("{2150E333-8FDC-42A3-9474-1A3956D46DE8}") = "Services", "Services", "{0BFE39E6-C7DA-4B60-B30C-A76A8363EF4B}"
EndProject
Project("{2150E333-8FDC-42A3-9474-1A3956D46DE8}") = "ServiceTests", "ServiceTests", "{14B0761D-827E-4F79-9E84-15BC184F334E}"
EndProject
Project("{2150E333-8FDC-42A3-9474-1A3956D46DE8}") = "BuildingBlockTests", "BuildingBlockTests", "{E5732E8E-C12C-41BD-AE19-7A70BAFFEC22}"
EndProject
Project("{FAE04EC0-301F-11D3-BF4B-00C04F79EFBC}") = "Snmp.Interpreter", "src\Snmp.Interpreter\Snmp.Interpreter.csproj", "{5538ADD0-8C1C-4B98-8897-8B4AD9991973}"
EndProject
Project("{2150E333-8FDC-42A3-9474-1A3956D46DE8}") = "Snmp", "Snmp", "{DFF58BE0-0D07-4E56-822B-644C40BD6D51}"
EndProject
Project("{FAE04EC0-301F-11D3-BF4B-00C04F79EFBC}") = "Snmp.Domain", "src\Snmp.Domain\Snmp.Domain.csproj", "{B5933900-7B3E-4F51-956B-F7AA52494C60}"
EndProject
Project("{FAE04EC0-301F-11D3-BF4B-00C04F79EFBC}") = "ConsoleApp1", "tests\ConsoleApp1\ConsoleApp1.csproj", "{75198EF8-060F-439F-9B16-E0080424A875}"
EndProject
Project("{FAE04EC0-301F-11D3-BF4B-00C04F79EFBC}") = "Utilities", "src\Utilities\Utilities.csproj", "{E29E55A6-1D7D-4642-81DC-5772DD456E89}"
EndProject
Global
	GlobalSection(SolutionConfigurationPlatforms) = preSolution
		Debug|Any CPU = Debug|Any CPU
		Release|Any CPU = Release|Any CPU
	EndGlobalSection
	GlobalSection(ProjectConfigurationPlatforms) = postSolution
		{5538ADD0-8C1C-4B98-8897-8B4AD9991973}.Debug|Any CPU.ActiveCfg = Debug|Any CPU
		{5538ADD0-8C1C-4B98-8897-8B4AD9991973}.Debug|Any CPU.Build.0 = Debug|Any CPU
		{5538ADD0-8C1C-4B98-8897-8B4AD9991973}.Release|Any CPU.ActiveCfg = Release|Any CPU
		{5538ADD0-8C1C-4B98-8897-8B4AD9991973}.Release|Any CPU.Build.0 = Release|Any CPU
		{B5933900-7B3E-4F51-956B-F7AA52494C60}.Debug|Any CPU.ActiveCfg = Debug|Any CPU
		{B5933900-7B3E-4F51-956B-F7AA52494C60}.Debug|Any CPU.Build.0 = Debug|Any CPU
		{B5933900-7B3E-4F51-956B-F7AA52494C60}.Release|Any CPU.ActiveCfg = Release|Any CPU
		{B5933900-7B3E-4F51-956B-F7AA52494C60}.Release|Any CPU.Build.0 = Release|Any CPU
		{75198EF8-060F-439F-9B16-E0080424A875}.Debug|Any CPU.ActiveCfg = Debug|Any CPU
		{75198EF8-060F-439F-9B16-E0080424A875}.Debug|Any CPU.Build.0 = Debug|Any CPU
		{75198EF8-060F-439F-9B16-E0080424A875}.Release|Any CPU.ActiveCfg = Release|Any CPU
		{75198EF8-060F-439F-9B16-E0080424A875}.Release|Any CPU.Build.0 = Release|Any CPU
		{E29E55A6-1D7D-4642-81DC-5772DD456E89}.Debug|Any CPU.ActiveCfg = Debug|Any CPU
		{E29E55A6-1D7D-4642-81DC-5772DD456E89}.Debug|Any CPU.Build.0 = Debug|Any CPU
		{E29E55A6-1D7D-4642-81DC-5772DD456E89}.Release|Any CPU.ActiveCfg = Release|Any CPU
		{E29E55A6-1D7D-4642-81DC-5772DD456E89}.Release|Any CPU.Build.0 = Release|Any CPU
	EndGlobalSection
	GlobalSection(NestedProjects) = preSolution
		{A6120A7A-B72E-446A-ABC3-C41BE78680E7} = {9238E1D4-2AEE-431A-ABD8-900518B7D5F3}
		{0BFE39E6-C7DA-4B60-B30C-A76A8363EF4B} = {9238E1D4-2AEE-431A-ABD8-900518B7D5F3}
		{14B0761D-827E-4F79-9E84-15BC184F334E} = {E8615261-6045-4445-842C-0F6EE679F8AE}
		{E5732E8E-C12C-41BD-AE19-7A70BAFFEC22} = {E8615261-6045-4445-842C-0F6EE679F8AE}
		{DFF58BE0-0D07-4E56-822B-644C40BD6D51} = {0BFE39E6-C7DA-4B60-B30C-A76A8363EF4B}
		{5538ADD0-8C1C-4B98-8897-8B4AD9991973} = {DFF58BE0-0D07-4E56-822B-644C40BD6D51}
		{B5933900-7B3E-4F51-956B-F7AA52494C60} = {DFF58BE0-0D07-4E56-822B-644C40BD6D51}
		{75198EF8-060F-439F-9B16-E0080424A875} = {14B0761D-827E-4F79-9E84-15BC184F334E}
		{E29E55A6-1D7D-4642-81DC-5772DD456E89} = {A6120A7A-B72E-446A-ABC3-C41BE78680E7}
	EndGlobalSection
EndGlobal
